
Microsoft Visual Studio Solution File, Format Version 12.00
# Visual Studio Version 17
VisualStudioVersion = 17.5.33530.505
MinimumVisualStudioVersion = 10.0.40219.1
Project("{9A19103F-16F7-4668-BE54-9A1E7A4F7556}") = "Student_Manager", "Student_Manager.csproj", "{A28D3E1E-8FBA-47F1-93F0-AD9A4243280E}"
EndProject
Global
	GlobalSection(SolutionConfigurationPlatforms) = preSolution
		Debug|Any CPU = Debug|Any CPU
		Release|Any CPU = Release|Any CPU
	EndGlobalSection
	GlobalSection(ProjectConfigurationPlatforms) = postSolution
		{A28D3E1E-8FBA-47F1-93F0-AD9A4243280E}.Debug|Any CPU.ActiveCfg = Debug|Any CPU
		{A28D3E1E-8FBA-47F1-93F0-AD9A4243280E}.Debug|Any CPU.Build.0 = Debug|Any CPU
		{A28D3E1E-8FBA-47F1-93F0-AD9A4243280E}.Release|Any CPU.ActiveCfg = Release|Any CPU
		{A28D3E1E-8FBA-47F1-93F0-AD9A4243280E}.Release|Any CPU.Build.0 = Release|Any CPU
	EndGlobalSection
	GlobalSection(SolutionProperties) = preSolution
		HideSolutionNode = FALSE
	EndGlobalSection
	GlobalSection(ExtensibilityGlobals) = postSolution
		SolutionGuid = {2757F85E-18E2-4401-BE03-5330DBBEDAE9}
	EndGlobalSection
EndGlobal
